
Microsoft Visual Studio Solution File, Format Version 12.00
# TcXaeShell Solution File, Format Version 11.00
VisualStudioVersion = 15.0.33403.129
MinimumVisualStudioVersion = 10.0.40219.1
Project("{B1E792BE-AA5F-4E3C-8C82-674BF9C0715B}") = "TC3_Lampara", "TC3_Lampara\TC3_Lampara.tsproj", "{84182289-A3C9-462A-BC2A-84F36CCB1941}"
EndProject
Global
	GlobalSection(SolutionConfigurationPlatforms) = preSolution
		Debug|TwinCAT CE7 (ARMV7) = Debug|TwinCAT CE7 (ARMV7)
		Debug|TwinCAT OS (ARMT2) = Debug|TwinCAT OS (ARMT2)
		Debug|TwinCAT RT (x64) = Debug|TwinCAT RT (x64)
		Debug|TwinCAT RT (x86) = Debug|TwinCAT RT (x86)
		Release|TwinCAT CE7 (ARMV7) = Release|TwinCAT CE7 (ARMV7)
		Release|TwinCAT OS (ARMT2) = Release|TwinCAT OS (ARMT2)
		Release|TwinCAT RT (x64) = Release|TwinCAT RT (x64)
		Release|TwinCAT RT (x86) = Release|TwinCAT RT (x86)
	EndGlobalSection
	GlobalSection(ProjectConfigurationPlatforms) = postSolution
		{84182289-A3C9-462A-BC2A-84F36CCB1941}.Debug|TwinCAT CE7 (ARMV7).ActiveCfg = Debug|TwinCAT CE7 (ARMV7)
		{84182289-A3C9-462A-BC2A-84F36CCB1941}.Debug|TwinCAT CE7 (ARMV7).Build.0 = Debug|TwinCAT CE7 (ARMV7)
		{84182289-A3C9-462A-BC2A-84F36CCB1941}.Debug|TwinCAT OS (ARMT2).ActiveCfg = Debug|TwinCAT OS (ARMT2)
		{84182289-A3C9-462A-BC2A-84F36CCB1941}.Debug|TwinCAT OS (ARMT2).Build.0 = Debug|TwinCAT OS (ARMT2)
		{84182289-A3C9-462A-BC2A-84F36CCB1941}.Debug|TwinCAT RT (x64).ActiveCfg = Debug|TwinCAT RT (x64)
		{84182289-A3C9-462A-BC2A-84F36CCB1941}.Debug|TwinCAT RT (x64).Build.0 = Debug|TwinCAT RT (x64)
		{84182289-A3C9-462A-BC2A-84F36CCB1941}.Debug|TwinCAT RT (x86).ActiveCfg = Debug|TwinCAT RT (x86)
		{84182289-A3C9-462A-BC2A-84F36CCB1941}.Debug|TwinCAT RT (x86).Build.0 = Debug|TwinCAT RT (x86)
		{84182289-A3C9-462A-BC2A-84F36CCB1941}.Release|TwinCAT CE7 (ARMV7).ActiveCfg = Release|TwinCAT CE7 (ARMV7)
		{84182289-A3C9-462A-BC2A-84F36CCB1941}.Release|TwinCAT CE7 (ARMV7).Build.0 = Release|TwinCAT CE7 (ARMV7)
		{84182289-A3C9-462A-BC2A-84F36CCB1941}.Release|TwinCAT OS (ARMT2).ActiveCfg = Release|TwinCAT OS (ARMT2)
		{84182289-A3C9-462A-BC2A-84F36CCB1941}.Release|TwinCAT OS (ARMT2).Build.0 = Release|TwinCAT OS (ARMT2)
		{84182289-A3C9-462A-BC2A-84F36CCB1941}.Release|TwinCAT RT (x64).ActiveCfg = Release|TwinCAT RT (x64)
		{84182289-A3C9-462A-BC2A-84F36CCB1941}.Release|TwinCAT RT (x64).Build.0 = Release|TwinCAT RT (x64)
		{84182289-A3C9-462A-BC2A-84F36CCB1941}.Release|TwinCAT RT (x86).ActiveCfg = Release|TwinCAT RT (x86)
		{84182289-A3C9-462A-BC2A-84F36CCB1941}.Release|TwinCAT RT (x86).Build.0 = Release|TwinCAT RT (x86)
		{6AF93218-37CE-491B-89C2-C70C41C02EC1}.Debug|TwinCAT CE7 (ARMV7).ActiveCfg = Debug|TwinCAT CE7 (ARMV7)
		{6AF93218-37CE-491B-89C2-C70C41C02EC1}.Debug|TwinCAT CE7 (ARMV7).Build.0 = Debug|TwinCAT CE7 (ARMV7)
		{6AF93218-37CE-491B-89C2-C70C41C02EC1}.Debug|TwinCAT OS (ARMT2).ActiveCfg = Debug|TwinCAT OS (ARMT2)
		{6AF93218-37CE-491B-89C2-C70C41C02EC1}.Debug|TwinCAT OS (ARMT2).Build.0 = Debug|TwinCAT OS (ARMT2)
		{6AF93218-37CE-491B-89C2-C70C41C02EC1}.Debug|TwinCAT RT (x64).ActiveCfg = Debug|TwinCAT RT (x64)
		{6AF93218-37CE-491B-89C2-C70C41C02EC1}.Debug|TwinCAT RT (x64).Build.0 = Debug|TwinCAT RT (x64)
		{6AF93218-37CE-491B-89C2-C70C41C02EC1}.Debug|TwinCAT RT (x86).ActiveCfg = Debug|TwinCAT RT (x86)
		{6AF93218-37CE-491B-89C2-C70C41C02EC1}.Debug|TwinCAT RT (x86).Build.0 = Debug|TwinCAT RT (x86)
		{6AF93218-37CE-491B-89C2-C70C41C02EC1}.Release|TwinCAT CE7 (ARMV7).ActiveCfg = Release|TwinCAT CE7 (ARMV7)
		{6AF93218-37CE-491B-89C2-C70C41C02EC1}.Release|TwinCAT CE7 (ARMV7).Build.0 = Release|TwinCAT CE7 (ARMV7)
		{6AF93218-37CE-491B-89C2-C70C41C02EC1}.Release|TwinCAT OS (ARMT2).ActiveCfg = Release|TwinCAT OS (ARMT2)
		{6AF93218-37CE-491B-89C2-C70C41C02EC1}.Release|TwinCAT OS (ARMT2).Build.0 = Release|TwinCAT OS (ARMT2)
		{6AF93218-37CE-491B-89C2-C70C41C02EC1}.Release|TwinCAT RT (x64).ActiveCfg = Release|TwinCAT RT (x64)
		{6AF93218-37CE-491B-89C2-C70C41C02EC1}.Release|TwinCAT RT (x64).Build.0 = Release|TwinCAT RT (x64)
		{6AF93218-37CE-491B-89C2-C70C41C02EC1}.Release|TwinCAT RT (x86).ActiveCfg = Release|TwinCAT RT (x86)
		{6AF93218-37CE-491B-89C2-C70C41C02EC1}.Release|TwinCAT RT (x86).Build.0 = Release|TwinCAT RT (x86)
	EndGlobalSection
	GlobalSection(SolutionProperties) = preSolution
		HideSolutionNode = FALSE
	EndGlobalSection
	GlobalSection(ExtensibilityGlobals) = postSolution
		SolutionGuid = {9B2B9AED-23F0-4BE7-B309-197EE46A89B2}
	EndGlobalSection
EndGlobal
